// !$*UTF8*$!
{
	archiveVersion = 1;
	classes = {
	};
	objectVersion = 56;
	objects = {

/* Begin PBXBuildFile section */
		A5090DFB2B35E934001337FA /* PolisSwiftApp.swift in Sources */ = {isa = PBXBuildFile; fileRef = A5090DFA2B35E934001337FA /* PolisSwiftApp.swift */; };
		A5090DFD2B35E934001337FA /* ContentView.swift in Sources */ = {isa = PBXBuildFile; fileRef = A5090DFC2B35E934001337FA /* ContentView.swift */; };
		A5090DFF2B35E934001337FA /* Item.swift in Sources */ = {isa = PBXBuildFile; fileRef = A5090DFE2B35E934001337FA /* Item.swift */; };
		A5090E012B35E935001337FA /* Assets.xcassets in Resources */ = {isa = PBXBuildFile; fileRef = A5090E002B35E935001337FA /* Assets.xcassets */; };
		A5090E042B35E935001337FA /* Preview Assets.xcassets in Resources */ = {isa = PBXBuildFile; fileRef = A5090E032B35E935001337FA /* Preview Assets.xcassets */; };
		A5090E0E2B35E935001337FA /* PolisSwiftTests.swift in Sources */ = {isa = PBXBuildFile; fileRef = A5090E0D2B35E935001337FA /* PolisSwiftTests.swift */; };
		A5090E182B35E935001337FA /* PolisSwiftUITests.swift in Sources */ = {isa = PBXBuildFile; fileRef = A5090E172B35E935001337FA /* PolisSwiftUITests.swift */; };
		A5090E1A2B35E935001337FA /* PolisSwiftUITestsLaunchTests.swift in Sources */ = {isa = PBXBuildFile; fileRef = A5090E192B35E935001337FA /* PolisSwiftUITestsLaunchTests.swift */; };
/* End PBXBuildFile section */

/* Begin PBXContainerItemProxy section */
		A5090E0A2B35E935001337FA /* PBXContainerItemProxy */ = {
			isa = PBXContainerItemProxy;
			containerPortal = A5090DEF2B35E934001337FA /* Project object */;
			proxyType = 1;
			remoteGlobalIDString = A5090DF62B35E934001337FA;
			remoteInfo = PolisSwift;
		};
		A5090E142B35E935001337FA /* PBXContainerItemProxy */ = {
			isa = PBXContainerItemProxy;
			containerPortal = A5090DEF2B35E934001337FA /* Project object */;
			proxyType = 1;
			remoteGlobalIDString = A5090DF62B35E934001337FA;
			remoteInfo = PolisSwift;
		};
/* End PBXContainerItemProxy section */

/* Begin PBXFileReference section */
		A5090DF72B35E934001337FA /* PolisSwift.app */ = {isa = PBXFileReference; explicitFileType = wrapper.application; includeInIndex = 0; path = PolisSwift.app; sourceTree = BUILT_PRODUCTS_DIR; };
		A5090DFA2B35E934001337FA /* PolisSwiftApp.swift */ = {isa = PBXFileReference; lastKnownFileType = sourcecode.swift; path = PolisSwiftApp.swift; sourceTree = "<group>"; };
		A5090DFC2B35E934001337FA /* ContentView.swift */ = {isa = PBXFileReference; lastKnownFileType = sourcecode.swift; path = ContentView.swift; sourceTree = "<group>"; };
		A5090DFE2B35E934001337FA /* Item.swift */ = {isa = PBXFileReference; lastKnownFileType = sourcecode.swift; path = Item.swift; sourceTree = "<group>"; };
		A5090E002B35E935001337FA /* Assets.xcassets */ = {isa = PBXFileReference; lastKnownFileType = folder.assetcatalog; path = Assets.xcassets; sourceTree = "<group>"; };
		A5090E032B35E935001337FA /* Preview Assets.xcassets */ = {isa = PBXFileReference; lastKnownFileType = folder.assetcatalog; path = "Preview Assets.xcassets"; sourceTree = "<group>"; };
		A5090E092B35E935001337FA /* PolisSwiftTests.xctest */ = {isa = PBXFileReference; explicitFileType = wrapper.cfbundle; includeInIndex = 0; path = PolisSwiftTests.xctest; sourceTree = BUILT_PRODUCTS_DIR; };
		A5090E0D2B35E935001337FA /* PolisSwiftTests.swift */ = {isa = PBXFileReference; lastKnownFileType = sourcecode.swift; path = PolisSwiftTests.swift; sourceTree = "<group>"; };
		A5090E132B35E935001337FA /* PolisSwiftUITests.xctest */ = {isa = PBXFileReference; explicitFileType = wrapper.cfbundle; includeInIndex = 0; path = PolisSwiftUITests.xctest; sourceTree = BUILT_PRODUCTS_DIR; };
		A5090E172B35E935001337FA /* PolisSwiftUITests.swift */ = {isa = PBXFileReference; lastKnownFileType = sourcecode.swift; path = PolisSwiftUITests.swift; sourceTree = "<group>"; };
		A5090E192B35E935001337FA /* PolisSwiftUITestsLaunchTests.swift */ = {isa = PBXFileReference; lastKnownFileType = sourcecode.swift; path = PolisSwiftUITestsLaunchTests.swift; sourceTree = "<group>"; };
/* End PBXFileReference section */

/* Begin PBXFrameworksBuildPhase section */
		A5090DF42B35E934001337FA /* Frameworks */ = {
			isa = PBXFrameworksBuildPhase;
			buildActionMask = 2147483647;
			files = (
			);
			runOnlyForDeploymentPostprocessing = 0;
		};
		A5090E062B35E935001337FA /* Frameworks */ = {
			isa = PBXFrameworksBuildPhase;
			buildActionMask = 2147483647;
			files = (
			);
			runOnlyForDeploymentPostprocessing = 0;
		};
		A5090E102B35E935001337FA /* Frameworks */ = {
			isa = PBXFrameworksBuildPhase;
			buildActionMask = 2147483647;
			files = (
			);
			runOnlyForDeploymentPostprocessing = 0;
		};
/* End PBXFrameworksBuildPhase section */

/* Begin PBXGroup section */
		A5090DEE2B35E934001337FA = {
			isa = PBXGroup;
			children = (
				A5090DF92B35E934001337FA /* PolisSwift */,
				A5090E0C2B35E935001337FA /* PolisSwiftTests */,
				A5090E162B35E935001337FA /* PolisSwiftUITests */,
				A5090DF82B35E934001337FA /* Products */,
			);
			sourceTree = "<group>";
		};
		A5090DF82B35E934001337FA /* Products */ = {
			isa = PBXGroup;
			children = (
				A5090DF72B35E934001337FA /* PolisSwift.app */,
				A5090E092B35E935001337FA /* PolisSwiftTests.xctest */,
				A5090E132B35E935001337FA /* PolisSwiftUITests.xctest */,
			);
			name = Products;
			sourceTree = "<group>";
		};
		A5090DF92B35E934001337FA /* PolisSwift */ = {
			isa = PBXGroup;
			children = (
				A5090DFA2B35E934001337FA /* PolisSwiftApp.swift */,
				A5090DFC2B35E934001337FA /* ContentView.swift */,
				A5090DFE2B35E934001337FA /* Item.swift */,
				A5090E002B35E935001337FA /* Assets.xcassets */,
				A5090E022B35E935001337FA /* Preview Content */,
			);
			path = PolisSwift;
			sourceTree = "<group>";
		};
		A5090E022B35E935001337FA /* Preview Content */ = {
			isa = PBXGroup;
			children = (
				A5090E032B35E935001337FA /* Preview Assets.xcassets */,
			);
			path = "Preview Content";
			sourceTree = "<group>";
		};
		A5090E0C2B35E935001337FA /* PolisSwiftTests */ = {
			isa = PBXGroup;
			children = (
				A5090E0D2B35E935001337FA /* PolisSwiftTests.swift */,
			);
			path = PolisSwiftTests;
			sourceTree = "<group>";
		};
		A5090E162B35E935001337FA /* PolisSwiftUITests */ = {
			isa = PBXGroup;
			children = (
				A5090E172B35E935001337FA /* PolisSwiftUITests.swift */,
				A5090E192B35E935001337FA /* PolisSwiftUITestsLaunchTests.swift */,
			);
			path = PolisSwiftUITests;
			sourceTree = "<group>";
		};
/* End PBXGroup section */

/* Begin PBXNativeTarget section */
		A5090DF62B35E934001337FA /* PolisSwift */ = {
			isa = PBXNativeTarget;
			buildConfigurationList = A5090E1D2B35E935001337FA /* Build configuration list for PBXNativeTarget "PolisSwift" */;
			buildPhases = (
				A5090DF32B35E934001337FA /* Sources */,
				A5090DF42B35E934001337FA /* Frameworks */,
				A5090DF52B35E934001337FA /* Resources */,
			);
			buildRules = (
			);
			dependencies = (
			);
			name = PolisSwift;
			productName = PolisSwift;
			productReference = A5090DF72B35E934001337FA /* PolisSwift.app */;
			productType = "com.apple.product-type.application";
		};
		A5090E082B35E935001337FA /* PolisSwiftTests */ = {
			isa = PBXNativeTarget;
			buildConfigurationList = A5090E202B35E935001337FA /* Build configuration list for PBXNativeTarget "PolisSwiftTests" */;
			buildPhases = (
				A5090E052B35E935001337FA /* Sources */,
				A5090E062B35E935001337FA /* Frameworks */,
				A5090E072B35E935001337FA /* Resources */,
			);
			buildRules = (
			);
			dependencies = (
				A5090E0B2B35E935001337FA /* PBXTargetDependency */,
			);
			name = PolisSwiftTests;
			productName = PolisSwiftTests;
			productReference = A5090E092B35E935001337FA /* PolisSwiftTests.xctest */;
			productType = "com.apple.product-type.bundle.unit-test";
		};
		A5090E122B35E935001337FA /* PolisSwiftUITests */ = {
			isa = PBXNativeTarget;
			buildConfigurationList = A5090E232B35E935001337FA /* Build configuration list for PBXNativeTarget "PolisSwiftUITests" */;
			buildPhases = (
				A5090E0F2B35E935001337FA /* Sources */,
				A5090E102B35E935001337FA /* Frameworks */,
				A5090E112B35E935001337FA /* Resources */,
			);
			buildRules = (
			);
			dependencies = (
				A5090E152B35E935001337FA /* PBXTargetDependency */,
			);
			name = PolisSwiftUITests;
			productName = PolisSwiftUITests;
			productReference = A5090E132B35E935001337FA /* PolisSwiftUITests.xctest */;
			productType = "com.apple.product-type.bundle.ui-testing";
		};
/* End PBXNativeTarget section */

/* Begin PBXProject section */
		A5090DEF2B35E934001337FA /* Project object */ = {
			isa = PBXProject;
			attributes = {
				BuildIndependentTargetsInParallel = 1;
				LastSwiftUpdateCheck = 1510;
				LastUpgradeCheck = 1510;
				TargetAttributes = {
					A5090DF62B35E934001337FA = {
						CreatedOnToolsVersion = 15.1;
					};
					A5090E082B35E935001337FA = {
						CreatedOnToolsVersion = 15.1;
						TestTargetID = A5090DF62B35E934001337FA;
					};
					A5090E122B35E935001337FA = {
						CreatedOnToolsVersion = 15.1;
						TestTargetID = A5090DF62B35E934001337FA;
					};
				};
			};
			buildConfigurationList = A5090DF22B35E934001337FA /* Build configuration list for PBXProject "PolisSwift" */;
			compatibilityVersion = "Xcode 14.0";
			developmentRegion = en;
			hasScannedForEncodings = 0;
			knownRegions = (
				en,
				Base,
			);
			mainGroup = A5090DEE2B35E934001337FA;
			productRefGroup = A5090DF82B35E934001337FA /* Products */;
			projectDirPath = "";
			projectRoot = "";
			targets = (
				A5090DF62B35E934001337FA /* PolisSwift */,
				A5090E082B35E935001337FA /* PolisSwiftTests */,
				A5090E122B35E935001337FA /* PolisSwiftUITests */,
			);
		};
/* End PBXProject section */

/* Begin PBXResourcesBuildPhase section */
		A5090DF52B35E934001337FA /* Resources */ = {
			isa = PBXResourcesBuildPhase;
			buildActionMask = 2147483647;
			files = (
				A5090E042B35E935001337FA /* Preview Assets.xcassets in Resources */,
				A5090E012B35E935001337FA /* Assets.xcassets in Resources */,
			);
			runOnlyForDeploymentPostprocessing = 0;
		};
		A5090E072B35E935001337FA /* Resources */ = {
			isa = PBXResourcesBuildPhase;
			buildActionMask = 2147483647;
			files = (
			);
			runOnlyForDeploymentPostprocessing = 0;
		};
		A5090E112B35E935001337FA /* Resources */ = {
			isa = PBXResourcesBuildPhase;
			buildActionMask = 2147483647;
			files = (
			);
			runOnlyForDeploymentPostprocessing = 0;
		};
/* End PBXResourcesBuildPhase section */

/* Begin PBXSourcesBuildPhase section */
		A5090DF32B35E934001337FA /* Sources */ = {
			isa = PBXSourcesBuildPhase;
			buildActionMask = 2147483647;
			files = (
				A5090DFD2B35E934001337FA /* ContentView.swift in Sources */,
				A5090DFF2B35E934001337FA /* Item.swift in Sources */,
				A5090DFB2B35E934001337FA /* PolisSwiftApp.swift in Sources */,
			);
			runOnlyForDeploymentPostprocessing = 0;
		};
		A5090E052B35E935001337FA /* Sources */ = {
			isa = PBXSourcesBuildPhase;
			buildActionMask = 2147483647;
			files = (
				A5090E0E2B35E935001337FA /* PolisSwiftTests.swift in Sources */,
			);
			runOnlyForDeploymentPostprocessing = 0;
		};
		A5090E0F2B35E935001337FA /* Sources */ = {
			isa = PBXSourcesBuildPhase;
			buildActionMask = 2147483647;
			files = (
				A5090E1A2B35E935001337FA /* PolisSwiftUITestsLaunchTests.swift in Sources */,
				A5090E182B35E935001337FA /* PolisSwiftUITests.swift in Sources */,
			);
			runOnlyForDeploymentPostprocessing = 0;
		};
/* End PBXSourcesBuildPhase section */

/* Begin PBXTargetDependency section */
		A5090E0B2B35E935001337FA /* PBXTargetDependency */ = {
			isa = PBXTargetDependency;
			target = A5090DF62B35E934001337FA /* PolisSwift */;
			targetProxy = A5090E0A2B35E935001337FA /* PBXContainerItemProxy */;
		};
		A5090E152B35E935001337FA /* PBXTargetDependency */ = {
			isa = PBXTargetDependency;
			target = A5090DF62B35E934001337FA /* PolisSwift */;
			targetProxy = A5090E142B35E935001337FA /* PBXContainerItemProxy */;
		};
/* End PBXTargetDependency section */

/* Begin XCBuildConfiguration section */
		A5090E1B2B35E935001337FA /* Debug */ = {
			isa = XCBuildConfiguration;
			buildSettings = {
				ALWAYS_SEARCH_USER_PATHS = NO;
				ASSETCATALOG_COMPILER_GENERATE_SWIFT_ASSET_SYMBOL_EXTENSIONS = YES;
				CLANG_ANALYZER_NONNULL = YES;
				CLANG_ANALYZER_NUMBER_OBJECT_CONVERSION = YES_AGGRESSIVE;
				CLANG_CXX_LANGUAGE_STANDARD = "gnu++20";
				CLANG_ENABLE_MODULES = YES;
				CLANG_ENABLE_OBJC_ARC = YES;
				CLANG_ENABLE_OBJC_WEAK = YES;
				CLANG_WARN_BLOCK_CAPTURE_AUTORELEASING = YES;
				CLANG_WARN_BOOL_CONVERSION = YES;
				CLANG_WARN_COMMA = YES;
				CLANG_WARN_CONSTANT_CONVERSION = YES;
				CLANG_WARN_DEPRECATED_OBJC_IMPLEMENTATIONS = YES;
				CLANG_WARN_DIRECT_OBJC_ISA_USAGE = YES_ERROR;
				CLANG_WARN_DOCUMENTATION_COMMENTS = YES;
				CLANG_WARN_EMPTY_BODY = YES;
				CLANG_WARN_ENUM_CONVERSION = YES;
				CLANG_WARN_INFINITE_RECURSION = YES;
				CLANG_WARN_INT_CONVERSION = YES;
				CLANG_WARN_NON_LITERAL_NULL_CONVERSION = YES;
				CLANG_WARN_OBJC_IMPLICIT_RETAIN_SELF = YES;
				CLANG_WARN_OBJC_LITERAL_CONVERSION = YES;
				CLANG_WARN_OBJC_ROOT_CLASS = YES_ERROR;
				CLANG_WARN_QUOTED_INCLUDE_IN_FRAMEWORK_HEADER = YES;
				CLANG_WARN_RANGE_LOOP_ANALYSIS = YES;
				CLANG_WARN_STRICT_PROTOTYPES = YES;
				CLANG_WARN_SUSPICIOUS_MOVE = YES;
				CLANG_WARN_UNGUARDED_AVAILABILITY = YES_AGGRESSIVE;
				CLANG_WARN_UNREACHABLE_CODE = YES;
				CLANG_WARN__DUPLICATE_METHOD_MATCH = YES;
				COPY_PHASE_STRIP = NO;
				DEBUG_INFORMATION_FORMAT = dwarf;
				ENABLE_STRICT_OBJC_MSGSEND = YES;
				ENABLE_TESTABILITY = YES;
				ENABLE_USER_SCRIPT_SANDBOXING = YES;
				GCC_C_LANGUAGE_STANDARD = gnu17;
				GCC_DYNAMIC_NO_PIC = NO;
				GCC_NO_COMMON_BLOCKS = YES;
				GCC_OPTIMIZATION_LEVEL = 0;
				GCC_PREPROCESSOR_DEFINITIONS = (
					"DEBUG=1",
					"$(inherited)",
				);
				GCC_WARN_64_TO_32_BIT_CONVERSION = YES;
				GCC_WARN_ABOUT_RETURN_TYPE = YES_ERROR;
				GCC_WARN_UNDECLARED_SELECTOR = YES;
				GCC_WARN_UNINITIALIZED_AUTOS = YES_AGGRESSIVE;
				GCC_WARN_UNUSED_FUNCTION = YES;
				GCC_WARN_UNUSED_VARIABLE = YES;
				IPHONEOS_DEPLOYMENT_TARGET = 17.2;
				LOCALIZATION_PREFERS_STRING_CATALOGS = YES;
				MTL_ENABLE_DEBUG_INFO = INCLUDE_SOURCE;
				MTL_FAST_MATH = YES;
				ONLY_ACTIVE_ARCH = YES;
				SDKROOT = iphoneos;
				SWIFT_ACTIVE_COMPILATION_CONDITIONS = "DEBUG $(inherited)";
				SWIFT_OPTIMIZATION_LEVEL = "-Onone";
			};
			name = Debug;
		};
		A5090E1C2B35E935001337FA /* Release */ = {
			isa = XCBuildConfiguration;
			buildSettings = {
				ALWAYS_SEARCH_USER_PATHS = NO;
				ASSETCATALOG_COMPILER_GENERATE_SWIFT_ASSET_SYMBOL_EXTENSIONS = YES;
				CLANG_ANALYZER_NONNULL = YES;
				CLANG_ANALYZER_NUMBER_OBJECT_CONVERSION = YES_AGGRESSIVE;
				CLANG_CXX_LANGUAGE_STANDARD = "gnu++20";
				CLANG_ENABLE_MODULES = YES;
				CLANG_ENABLE_OBJC_ARC = YES;
				CLANG_ENABLE_OBJC_WEAK = YES;
				CLANG_WARN_BLOCK_CAPTURE_AUTORELEASING = YES;
				CLANG_WARN_BOOL_CONVERSION = YES;
				CLANG_WARN_COMMA = YES;
				CLANG_WARN_CONSTANT_CONVERSION = YES;
				CLANG_WARN_DEPRECATED_OBJC_IMPLEMENTATIONS = YES;
				CLANG_WARN_DIRECT_OBJC_ISA_USAGE = YES_ERROR;
				CLANG_WARN_DOCUMENTATION_COMMENTS = YES;
				CLANG_WARN_EMPTY_BODY = YES;
				CLANG_WARN_ENUM_CONVERSION = YES;
				CLANG_WARN_INFINITE_RECURSION = YES;
				CLANG_WARN_INT_CONVERSION = YES;
				CLANG_WARN_NON_LITERAL_NULL_CONVERSION = YES;
				CLANG_WARN_OBJC_IMPLICIT_RETAIN_SELF = YES;
				CLANG_WARN_OBJC_LITERAL_CONVERSION = YES;
				CLANG_WARN_OBJC_ROOT_CLASS = YES_ERROR;
				CLANG_WARN_QUOTED_INCLUDE_IN_FRAMEWORK_HEADER = YES;
				CLANG_WARN_RANGE_LOOP_ANALYSIS = YES;
				CLANG_WARN_STRICT_PROTOTYPES = YES;
				CLANG_WARN_SUSPICIOUS_MOVE = YES;
				CLANG_WARN_UNGUARDED_AVAILABILITY = YES_AGGRESSIVE;
				CLANG_WARN_UNREACHABLE_CODE = YES;
				CLANG_WARN__DUPLICATE_METHOD_MATCH = YES;
				COPY_PHASE_STRIP = NO;
				DEBUG_INFORMATION_FORMAT = "dwarf-with-dsym";
				ENABLE_NS_ASSERTIONS = NO;
				ENABLE_STRICT_OBJC_MSGSEND = YES;
				ENABLE_USER_SCRIPT_SANDBOXING = YES;
				GCC_C_LANGUAGE_STANDARD = gnu17;
				GCC_NO_COMMON_BLOCKS = YES;
				GCC_WARN_64_TO_32_BIT_CONVERSION = YES;
				GCC_WARN_ABOUT_RETURN_TYPE = YES_ERROR;
				GCC_WARN_UNDECLARED_SELECTOR = YES;
				GCC_WARN_UNINITIALIZED_AUTOS = YES_AGGRESSIVE;
				GCC_WARN_UNUSED_FUNCTION = YES;
				GCC_WARN_UNUSED_VARIABLE = YES;
				IPHONEOS_DEPLOYMENT_TARGET = 17.2;
				LOCALIZATION_PREFERS_STRING_CATALOGS = YES;
				MTL_ENABLE_DEBUG_INFO = NO;
				MTL_FAST_MATH = YES;
				SDKROOT = iphoneos;
				SWIFT_COMPILATION_MODE = wholemodule;
				VALIDATE_PRODUCT = YES;
			};
			name = Release;
		};
		A5090E1E2B35E935001337FA /* Debug */ = {
			isa = XCBuildConfiguration;
			buildSettings = {
				ASSETCATALOG_COMPILER_APPICON_NAME = AppIcon;
				ASSETCATALOG_COMPILER_GLOBAL_ACCENT_COLOR_NAME = AccentColor;
				CODE_SIGN_STYLE = Automatic;
				CURRENT_PROJECT_VERSION = 1;
				DEVELOPMENT_ASSET_PATHS = "\"PolisSwift/Preview Content\"";
				DEVELOPMENT_TEAM = RQSZAPU299;
				ENABLE_PREVIEWS = YES;
				GENERATE_INFOPLIST_FILE = YES;
				INFOPLIST_KEY_UIApplicationSceneManifest_Generation = YES;
				INFOPLIST_KEY_UIApplicationSupportsIndirectInputEvents = YES;
				INFOPLIST_KEY_UILaunchScreen_Generation = YES;
				INFOPLIST_KEY_UISupportedInterfaceOrientations_iPad = "UIInterfaceOrientationPortrait UIInterfaceOrientationPortraitUpsideDown UIInterfaceOrientationLandscapeLeft UIInterfaceOrientationLandscapeRight";
				INFOPLIST_KEY_UISupportedInterfaceOrientations_iPhone = "UIInterfaceOrientationPortrait UIInterfaceOrientationLandscapeLeft UIInterfaceOrientationLandscapeRight";
				LD_RUNPATH_SEARCH_PATHS = (
					"$(inherited)",
					"@executable_path/Frameworks",
				);
				MARKETING_VERSION = 1.0;
				PRODUCT_BUNDLE_IDENTIFIER = PolisCorp.PolisSwift;
				PRODUCT_NAME = "$(TARGET_NAME)";
				SWIFT_EMIT_LOC_STRINGS = YES;
				SWIFT_VERSION = 5.0;
				TARGETED_DEVICE_FAMILY = "1,2";
			};
			name = Debug;
		};
		A5090E1F2B35E935001337FA /* Release */ = {
			isa = XCBuildConfiguration;
			buildSettings = {
				ASSETCATALOG_COMPILER_APPICON_NAME = AppIcon;
				ASSETCATALOG_COMPILER_GLOBAL_ACCENT_COLOR_NAME = AccentColor;
				CODE_SIGN_STYLE = Automatic;
				CURRENT_PROJECT_VERSION = 1;
				DEVELOPMENT_ASSET_PATHS = "\"PolisSwift/Preview Content\"";
				DEVELOPMENT_TEAM = RQSZAPU299;
				ENABLE_PREVIEWS = YES;
				GENERATE_INFOPLIST_FILE = YES;
				INFOPLIST_KEY_UIApplicationSceneManifest_Generation = YES;
				INFOPLIST_KEY_UIApplicationSupportsIndirectInputEvents = YES;
				INFOPLIST_KEY_UILaunchScreen_Generation = YES;
				INFOPLIST_KEY_UISupportedInterfaceOrientations_iPad = "UIInterfaceOrientationPortrait UIInterfaceOrientationPortraitUpsideDown UIInterfaceOrientationLandscapeLeft UIInterfaceOrientationLandscapeRight";
				INFOPLIST_KEY_UISupportedInterfaceOrientations_iPhone = "UIInterfaceOrientationPortrait UIInterfaceOrientationLandscapeLeft UIInterfaceOrientationLandscapeRight";
				LD_RUNPATH_SEARCH_PATHS = (
					"$(inherited)",
					"@executable_path/Frameworks",
				);
				MARKETING_VERSION = 1.0;
				PRODUCT_BUNDLE_IDENTIFIER = PolisCorp.PolisSwift;
				PRODUCT_NAME = "$(TARGET_NAME)";
				SWIFT_EMIT_LOC_STRINGS = YES;
				SWIFT_VERSION = 5.0;
				TARGETED_DEVICE_FAMILY = "1,2";
			};
			name = Release;
		};
		A5090E212B35E935001337FA /* Debug */ = {
			isa = XCBuildConfiguration;
			buildSettings = {
				ALWAYS_EMBED_SWIFT_STANDARD_LIBRARIES = YES;
				BUNDLE_LOADER = "$(TEST_HOST)";
				CODE_SIGN_STYLE = Automatic;
				CURRENT_PROJECT_VERSION = 1;
				DEVELOPMENT_TEAM = RQSZAPU299;
				GENERATE_INFOPLIST_FILE = YES;
				IPHONEOS_DEPLOYMENT_TARGET = 17.2;
				MARKETING_VERSION = 1.0;
				PRODUCT_BUNDLE_IDENTIFIER = PolisCorp.PolisSwiftTests;
				PRODUCT_NAME = "$(TARGET_NAME)";
				SWIFT_EMIT_LOC_STRINGS = NO;
				SWIFT_VERSION = 5.0;
				TARGETED_DEVICE_FAMILY = "1,2";
				TEST_HOST = "$(BUILT_PRODUCTS_DIR)/PolisSwift.app/$(BUNDLE_EXECUTABLE_FOLDER_PATH)/PolisSwift";
			};
			name = Debug;
		};
		A5090E222B35E935001337FA /* Release */ = {
			isa = XCBuildConfiguration;
			buildSettings = {
				ALWAYS_EMBED_SWIFT_STANDARD_LIBRARIES = YES;
				BUNDLE_LOADER = "$(TEST_HOST)";
				CODE_SIGN_STYLE = Automatic;
				CURRENT_PROJECT_VERSION = 1;
				DEVELOPMENT_TEAM = RQSZAPU299;
				GENERATE_INFOPLIST_FILE = YES;
				IPHONEOS_DEPLOYMENT_TARGET = 17.2;
				MARKETING_VERSION = 1.0;
				PRODUCT_BUNDLE_IDENTIFIER = PolisCorp.PolisSwiftTests;
				PRODUCT_NAME = "$(TARGET_NAME)";
				SWIFT_EMIT_LOC_STRINGS = NO;
				SWIFT_VERSION = 5.0;
				TARGETED_DEVICE_FAMILY = "1,2";
				TEST_HOST = "$(BUILT_PRODUCTS_DIR)/PolisSwift.app/$(BUNDLE_EXECUTABLE_FOLDER_PATH)/PolisSwift";
			};
			name = Release;
		};
		A5090E242B35E935001337FA /* Debug */ = {
			isa = XCBuildConfiguration;
			buildSettings = {
				ALWAYS_EMBED_SWIFT_STANDARD_LIBRARIES = YES;
				CODE_SIGN_STYLE = Automatic;
				CURRENT_PROJECT_VERSION = 1;
				DEVELOPMENT_TEAM = RQSZAPU299;
				GENERATE_INFOPLIST_FILE = YES;
				MARKETING_VERSION = 1.0;
				PRODUCT_BUNDLE_IDENTIFIER = PolisCorp.PolisSwiftUITests;
				PRODUCT_NAME = "$(TARGET_NAME)";
				SWIFT_EMIT_LOC_STRINGS = NO;
				SWIFT_VERSION = 5.0;
				TARGETED_DEVICE_FAMILY = "1,2";
				TEST_TARGET_NAME = PolisSwift;
			};
			name = Debug;
		};
		A5090E252B35E935001337FA /* Release */ = {
			isa = XCBuildConfiguration;
			buildSettings = {
				ALWAYS_EMBED_SWIFT_STANDARD_LIBRARIES = YES;
				CODE_SIGN_STYLE = Automatic;
				CURRENT_PROJECT_VERSION = 1;
				DEVELOPMENT_TEAM = RQSZAPU299;
				GENERATE_INFOPLIST_FILE = YES;
				MARKETING_VERSION = 1.0;
				PRODUCT_BUNDLE_IDENTIFIER = PolisCorp.PolisSwiftUITests;
				PRODUCT_NAME = "$(TARGET_NAME)";
				SWIFT_EMIT_LOC_STRINGS = NO;
				SWIFT_VERSION = 5.0;
				TARGETED_DEVICE_FAMILY = "1,2";
				TEST_TARGET_NAME = PolisSwift;
			};
			name = Release;
		};
/* End XCBuildConfiguration section */

/* Begin XCConfigurationList section */
		A5090DF22B35E934001337FA /* Build configuration list for PBXProject "PolisSwift" */ = {
			isa = XCConfigurationList;
			buildConfigurations = (
				A5090E1B2B35E935001337FA /* Debug */,
				A5090E1C2B35E935001337FA /* Release */,
			);
			defaultConfigurationIsVisible = 0;
			defaultConfigurationName = Release;
		};
		A5090E1D2B35E935001337FA /* Build configuration list for PBXNativeTarget "PolisSwift" */ = {
			isa = XCConfigurationList;
			buildConfigurations = (
				A5090E1E2B35E935001337FA /* Debug */,
				A5090E1F2B35E935001337FA /* Release */,
			);
			defaultConfigurationIsVisible = 0;
			defaultConfigurationName = Release;
		};
		A5090E202B35E935001337FA /* Build configuration list for PBXNativeTarget "PolisSwiftTests" */ = {
			isa = XCConfigurationList;
			buildConfigurations = (
				A5090E212B35E935001337FA /* Debug */,
				A5090E222B35E935001337FA /* Release */,
			);
			defaultConfigurationIsVisible = 0;
			defaultConfigurationName = Release;
		};
		A5090E232B35E935001337FA /* Build configuration list for PBXNativeTarget "PolisSwiftUITests" */ = {
			isa = XCConfigurationList;
			buildConfigurations = (
				A5090E242B35E935001337FA /* Debug */,
				A5090E252B35E935001337FA /* Release */,
			);
			defaultConfigurationIsVisible = 0;
			defaultConfigurationName = Release;
		};
/* End XCConfigurationList section */
	};
	rootObject = A5090DEF2B35E934001337FA /* Project object */;
}
